
Microsoft Visual Studio Solution File, Format Version 12.00
# Visual Studio 15
VisualStudioVersion = 15.0.27703.2047
MinimumVisualStudioVersion = 10.0.40219.1
Project("{8BC9CEB8-8B4A-11D0-8D11-00A0C91BC942}") = "IPS_Lab_1", "IPS_Lab_1\IPS_Lab_1.vcxproj", "{15156B2F-641E-46CE-8596-2F77AD30BE2F}"
EndProject
Global
	GlobalSection(SolutionConfigurationPlatforms) = preSolution
		Debug|x64 = Debug|x64
		Debug|x86 = Debug|x86
		Release|x64 = Release|x64
		Release|x86 = Release|x86
	EndGlobalSection
	GlobalSection(ProjectConfigurationPlatforms) = postSolution
		{15156B2F-641E-46CE-8596-2F77AD30BE2F}.Debug|x64.ActiveCfg = Debug|x64
		{15156B2F-641E-46CE-8596-2F77AD30BE2F}.Debug|x64.Build.0 = Debug|x64
		{15156B2F-641E-46CE-8596-2F77AD30BE2F}.Debug|x86.ActiveCfg = Debug|Win32
		{15156B2F-641E-46CE-8596-2F77AD30BE2F}.Debug|x86.Build.0 = Debug|Win32
		{15156B2F-641E-46CE-8596-2F77AD30BE2F}.Release|x64.ActiveCfg = Release|x64
		{15156B2F-641E-46CE-8596-2F77AD30BE2F}.Release|x64.Build.0 = Release|x64
		{15156B2F-641E-46CE-8596-2F77AD30BE2F}.Release|x86.ActiveCfg = Release|Win32
		{15156B2F-641E-46CE-8596-2F77AD30BE2F}.Release|x86.Build.0 = Release|Win32
	EndGlobalSection
	GlobalSection(SolutionProperties) = preSolution
		HideSolutionNode = FALSE
	EndGlobalSection
	GlobalSection(ExtensibilityGlobals) = postSolution
		SolutionGuid = {6D840114-CFCB-4B13-931B-7D06C2D7B0CE}
	EndGlobalSection
EndGlobal
